
Microsoft Visual Studio Solution File, Format Version 12.00
# Visual Studio Version 16
VisualStudioVersion = 16.0.31019.35
MinimumVisualStudioVersion = 10.0.40219.1
Project("{FAE04EC0-301F-11D3-BF4B-00C04F79EFBC}") = "Notepad", "Notepad\Notepad.csproj", "{A9C094D5-FD12-4C40-8E8C-EBCCDCFBD5ED}"
EndProject
Global
	GlobalSection(SolutionConfigurationPlatforms) = preSolution
		Debug|Any CPU = Debug|Any CPU
		Release|Any CPU = Release|Any CPU
	EndGlobalSection
	GlobalSection(ProjectConfigurationPlatforms) = postSolution
		{A9C094D5-FD12-4C40-8E8C-EBCCDCFBD5ED}.Debug|Any CPU.ActiveCfg = Debug|Any CPU
		{A9C094D5-FD12-4C40-8E8C-EBCCDCFBD5ED}.Debug|Any CPU.Build.0 = Debug|Any CPU
		{A9C094D5-FD12-4C40-8E8C-EBCCDCFBD5ED}.Release|Any CPU.ActiveCfg = Release|Any CPU
		{A9C094D5-FD12-4C40-8E8C-EBCCDCFBD5ED}.Release|Any CPU.Build.0 = Release|Any CPU
	EndGlobalSection
	GlobalSection(SolutionProperties) = preSolution
		HideSolutionNode = FALSE
	EndGlobalSection
	GlobalSection(ExtensibilityGlobals) = postSolution
		SolutionGuid = {B78B9F99-9D35-475E-807B-3845665C4A4D}
	EndGlobalSection
EndGlobal
